github.com/coocoodoo/Patina v0.0.0-20260907160806-28143d519861 h1:/q4kOKL80+Q5Uo98+yWsRga2/TSLUmjyL5ZdSfBFZAc=
github.com/coocoodoo/Patina v0.0.0-20260907160806-28143d519861/go.mod h1:OL3TkFPNnEBaJRpsfMFvXuKseM/KyYRrrS4OeSSeu9s=
github.com/ebitengine/purego v0.11.0 h1:jhp/D+Nyv7UUW8HAcmcjt2N2rYrYi9m3SL21k0Ua/NI=
github.com/ebitengine/purego v0.11.0/go.mod h1:DCHPP08djqhNSoTfImcnHYQRZmd0qhakvrozqaEYhGQ=
